// !$*UTF8*$!
{
	archiveVersion = 1;
	classes = {
	};
	objectVersion = 50;
	objects = {

/* Begin PBXBuildFile section */
		0406974D26CF7BFD0088CC6B /* AppDelegate.swift in Sources */ = {isa = PBXBuildFile; fileRef = 0406974C26CF7BFD0088CC6B /* AppDelegate.swift */; };
		0406974F26CF7BFE0088CC6B /* SceneDelegate.swift in Sources */ = {isa = PBXBuildFile; fileRef = 0406974E26CF7BFE0088CC6B /* SceneDelegate.swift */; };
		0406975126CF7BFE0088CC6B /* ViewController.swift in Sources */ = {isa = PBXBuildFile; fileRef = 0406975026CF7BFE0088CC6B /* ViewController.swift */; };
		0406975426CF7BFE0088CC6B /* Main.storyboard in Resources */ = {isa = PBXBuildFile; fileRef = 0406975226CF7BFE0088CC6B /* Main.storyboard */; };
		0406975626CF7C020088CC6B /* Assets.xcassets in Resources */ = {isa = PBXBuildFile; fileRef = 0406975526CF7C020088CC6B /* Assets.xcassets */; };
		0406975926CF7C020088CC6B /* LaunchScreen.storyboard in Resources */ = {isa = PBXBuildFile; fileRef = 0406975726CF7C020088CC6B /* LaunchScreen.storyboard */; };
		04EF346526CFABF40031C320 /* GoogleService-Info.plist in Resources */ = {isa = PBXBuildFile; fileRef = 04EF346426CFABF40031C320 /* GoogleService-Info.plist */; };
		0B6DCADC1D26F7D85F7A4D58 /* Pods_Connect.framework in Frameworks */ = {isa = PBXBuildFile; fileRef = FA6663C10F9397782A09AFCD /* Pods_Connect.framework */; };
/* End PBXBuildFile section */

/* Begin PBXFileReference section */
		0406974926CF7BFD0088CC6B /* Connect.app */ = {isa = PBXFileReference; explicitFileType = wrapper.application; includeInIndex = 0; path = Connect.app; sourceTree = BUILT_PRODUCTS_DIR; };
		0406974C26CF7BFD0088CC6B /* AppDelegate.swift */ = {isa = PBXFileReference; lastKnownFileType = sourcecode.swift; path = AppDelegate.swift; sourceTree = "<group>"; };
		0406974E26CF7BFE0088CC6B /* SceneDelegate.swift */ = {isa = PBXFileReference; lastKnownFileType = sourcecode.swift; path = SceneDelegate.swift; sourceTree = "<group>"; };
		0406975026CF7BFE0088CC6B /* ViewController.swift */ = {isa = PBXFileReference; lastKnownFileType = sourcecode.swift; path = ViewController.swift; sourceTree = "<group>"; };
		0406975326CF7BFE0088CC6B /* Base */ = {isa = PBXFileReference; lastKnownFileType = file.storyboard; name = Base; path = Base.lproj/Main.storyboard; sourceTree = "<group>"; };
		0406975526CF7C020088CC6B /* Assets.xcassets */ = {isa = PBXFileReference; lastKnownFileType = folder.assetcatalog; path = Assets.xcassets; sourceTree = "<group>"; };
		0406975826CF7C020088CC6B /* Base */ = {isa = PBXFileReference; lastKnownFileType = file.storyboard; name = Base; path = Base.lproj/LaunchScreen.storyboard; sourceTree = "<group>"; };
		0406975A26CF7C020088CC6B /* Info.plist */ = {isa = PBXFileReference; lastKnownFileType = text.plist.xml; path = Info.plist; sourceTree = "<group>"; };
		04EF346426CFABF40031C320 /* GoogleService-Info.plist */ = {isa = PBXFileReference; fileEncoding = 4; lastKnownFileType = text.plist.xml; path = "GoogleService-Info.plist"; sourceTree = "<group>"; };
		501F4A130855AABD0A8A4F61 /* Pods-Connect.release.xcconfig */ = {isa = PBXFileReference; includeInIndex = 1; lastKnownFileType = text.xcconfig; name = "Pods-Connect.release.xcconfig"; path = "Target Support Files/Pods-Connect/Pods-Connect.release.xcconfig"; sourceTree = "<group>"; };
		D1462E7F69B0E944ABC79925 /* Pods-Connect.debug.xcconfig */ = {isa = PBXFileReference; includeInIndex = 1; lastKnownFileType = text.xcconfig; name = "Pods-Connect.debug.xcconfig"; path = "Target Support Files/Pods-Connect/Pods-Connect.debug.xcconfig"; sourceTree = "<group>"; };
		FA6663C10F9397782A09AFCD /* Pods_Connect.framework */ = {isa = PBXFileReference; explicitFileType = wrapper.framework; includeInIndex = 0; path = Pods_Connect.framework; sourceTree = BUILT_PRODUCTS_DIR; };
/* End PBXFileReference section */

/* Begin PBXFrameworksBuildPhase section */
		0406974626CF7BFD0088CC6B /* Frameworks */ = {
			isa = PBXFrameworksBuildPhase;
			buildActionMask = 2147483647;
			files = (
				0B6DCADC1D26F7D85F7A4D58 /* Pods_Connect.framework in Frameworks */,
			);
			runOnlyForDeploymentPostprocessing = 0;
		};
/* End PBXFrameworksBuildPhase section */

/* Begin PBXGroup section */
		0406974026CF7BFD0088CC6B = {
			isa = PBXGroup;
			children = (
				0406974B26CF7BFD0088CC6B /* Connect */,
				0406974A26CF7BFD0088CC6B /* Products */,
				26F43F47B32695A5505D4CA7 /* Pods */,
				CE3CF9AE2C6A418C8C143B52 /* Frameworks */,
			);
			sourceTree = "<group>";
		};
		0406974A26CF7BFD0088CC6B /* Products */ = {
			isa = PBXGroup;
			children = (
				0406974926CF7BFD0088CC6B /* Connect.app */,
			);
			name = Products;
			sourceTree = "<group>";
		};
		0406974B26CF7BFD0088CC6B /* Connect */ = {
			isa = PBXGroup;
			children = (
				0406974C26CF7BFD0088CC6B /* AppDelegate.swift */,
				0406974E26CF7BFE0088CC6B /* SceneDelegate.swift */,
				0406975026CF7BFE0088CC6B /* ViewController.swift */,
				0406975226CF7BFE0088CC6B /* Main.storyboard */,
				0406975526CF7C020088CC6B /* Assets.xcassets */,
				0406975726CF7C020088CC6B /* LaunchScreen.storyboard */,
				0406975A26CF7C020088CC6B /* Info.plist */,
				04EF346426CFABF40031C320 /* GoogleService-Info.plist */,
			);
			path = Connect;
			sourceTree = "<group>";
		};
		26F43F47B32695A5505D4CA7 /* Pods */ = {
			isa = PBXGroup;
			children = (
				D1462E7F69B0E944ABC79925 /* Pods-Connect.debug.xcconfig */,
				501F4A130855AABD0A8A4F61 /* Pods-Connect.release.xcconfig */,
			);
			name = Pods;
			path = Pods;
			sourceTree = "<group>";
		};
		CE3CF9AE2C6A418C8C143B52 /* Frameworks */ = {
			isa = PBXGroup;
			children = (
				FA6663C10F9397782A09AFCD /* Pods_Connect.framework */,
			);
			name = Frameworks;
			sourceTree = "<group>";
		};
/* End PBXGroup section */

/* Begin PBXNativeTarget section */
		0406974826CF7BFD0088CC6B /* Connect */ = {
			isa = PBXNativeTarget;
			buildConfigurationList = 0406975D26CF7C020088CC6B /* Build configuration list for PBXNativeTarget "Connect" */;
			buildPhases = (
				50DCD2E8F3C39165CBEDC2B2 /* [CP] Check Pods Manifest.lock */,
				0406974526CF7BFD0088CC6B /* Sources */,
				0406974626CF7BFD0088CC6B /* Frameworks */,
				0406974726CF7BFD0088CC6B /* Resources */,
				D4EB2533D863CDD42181A893 /* [CP] Embed Pods Frameworks */,
			);
			buildRules = (
			);
			dependencies = (
			);
			name = Connect;
			productName = Connect;
			productReference = 0406974926CF7BFD0088CC6B /* Connect.app */;
			productType = "com.apple.product-type.application";
		};
/* End PBXNativeTarget section */

/* Begin PBXProject section */
		0406974126CF7BFD0088CC6B /* Project object */ = {
			isa = PBXProject;
			attributes = {
				LastSwiftUpdateCheck = 1250;
				LastUpgradeCheck = 1250;
				TargetAttributes = {
					0406974826CF7BFD0088CC6B = {
						CreatedOnToolsVersion = 12.5.1;
					};
				};
			};
			buildConfigurationList = 0406974426CF7BFD0088CC6B /* Build configuration list for PBXProject "Connect" */;
			compatibilityVersion = "Xcode 9.3";
			developmentRegion = en;
			hasScannedForEncodings = 0;
			knownRegions = (
				en,
				Base,
			);
			mainGroup = 0406974026CF7BFD0088CC6B;
			productRefGroup = 0406974A26CF7BFD0088CC6B /* Products */;
			projectDirPath = "";
			projectRoot = "";
			targets = (
				0406974826CF7BFD0088CC6B /* Connect */,
			);
		};
/* End PBXProject section */

/* Begin PBXResourcesBuildPhase section */
		0406974726CF7BFD0088CC6B /* Resources */ = {
			isa = PBXResourcesBuildPhase;
			buildActionMask = 2147483647;
			files = (
				04EF346526CFABF40031C320 /* GoogleService-Info.plist in Resources */,
				0406975926CF7C020088CC6B /* LaunchScreen.storyboard in Resources */,
				0406975626CF7C020088CC6B /* Assets.xcassets in Resources */,
				0406975426CF7BFE0088CC6B /* Main.storyboard in Resources */,
			);
			runOnlyForDeploymentPostprocessing = 0;
		};
/* End PBXResourcesBuildPhase section */

/* Begin PBXShellScriptBuildPhase section */
		50DCD2E8F3C39165CBEDC2B2 /* [CP] Check Pods Manifest.lock */ = {
			isa = PBXShellScriptBuildPhase;
			buildActionMask = 2147483647;
			files = (
			);
			inputFileListPaths = (
			);
			inputPaths = (
				"${PODS_PODFILE_DIR_PATH}/Podfile.lock",
				"${PODS_ROOT}/Manifest.lock",
			);
			name = "[CP] Check Pods Manifest.lock";
			outputFileListPaths = (
			);
			outputPaths = (
				"$(DERIVED_FILE_DIR)/Pods-Connect-checkManifestLockResult.txt",
			);
			runOnlyForDeploymentPostprocessing = 0;
			shellPath = /bin/sh;
			shellScript = "diff \"${PODS_PODFILE_DIR_PATH}/Podfile.lock\" \"${PODS_ROOT}/Manifest.lock\" > /dev/null\nif [ $? != 0 ] ; then\n    # print error to STDERR\n    echo \"error: The sandbox is not in sync with the Podfile.lock. Run 'pod install' or update your CocoaPods installation.\" >&2\n    exit 1\nfi\n# This output is used by Xcode 'outputs' to avoid re-running this script phase.\necho \"SUCCESS\" > \"${SCRIPT_OUTPUT_FILE_0}\"\n";
			showEnvVarsInLog = 0;
		};
		D4EB2533D863CDD42181A893 /* [CP] Embed Pods Frameworks */ = {
			isa = PBXShellScriptBuildPhase;
			buildActionMask = 2147483647;
			files = (
			);
			inputFileListPaths = (
				"${PODS_ROOT}/Target Support Files/Pods-Connect/Pods-Connect-frameworks-${CONFIGURATION}-input-files.xcfilelist",
			);
			name = "[CP] Embed Pods Frameworks";
			outputFileListPaths = (
				"${PODS_ROOT}/Target Support Files/Pods-Connect/Pods-Connect-frameworks-${CONFIGURATION}-output-files.xcfilelist",
			);
			runOnlyForDeploymentPostprocessing = 0;
			shellPath = /bin/sh;
			shellScript = "\"${PODS_ROOT}/Target Support Files/Pods-Connect/Pods-Connect-frameworks.sh\"\n";
			showEnvVarsInLog = 0;
		};
/* End PBXShellScriptBuildPhase section */

/* Begin PBXSourcesBuildPhase section */
		0406974526CF7BFD0088CC6B /* Sources */ = {
			isa = PBXSourcesBuildPhase;
			buildActionMask = 2147483647;
			files = (
				0406975126CF7BFE0088CC6B /* ViewController.swift in Sources */,
				0406974D26CF7BFD0088CC6B /* AppDelegate.swift in Sources */,
				0406974F26CF7BFE0088CC6B /* SceneDelegate.swift in Sources */,
			);
			runOnlyForDeploymentPostprocessing = 0;
		};
/* End PBXSourcesBuildPhase section */

/* Begin PBXVariantGroup section */
		0406975226CF7BFE0088CC6B /* Main.storyboard */ = {
			isa = PBXVariantGroup;
			children = (
				0406975326CF7BFE0088CC6B /* Base */,
			);
			name = Main.storyboard;
			sourceTree = "<group>";
		};
		0406975726CF7C020088CC6B /* LaunchScreen.storyboard */ = {
			isa = PBXVariantGroup;
			children = (
				0406975826CF7C020088CC6B /* Base */,
			);
			name = LaunchScreen.storyboard;
			sourceTree = "<group>";
		};
/* End PBXVariantGroup section */

/* Begin XCBuildConfiguration section */
		0406975B26CF7C020088CC6B /* Debug */ = {
			isa = XCBuildConfiguration;
			buildSettings = {
				ALWAYS_SEARCH_USER_PATHS = NO;
				CLANG_ANALYZER_NONNULL = YES;
				CLANG_ANALYZER_NUMBER_OBJECT_CONVERSION = YES_AGGRESSIVE;
				CLANG_CXX_LANGUAGE_STANDARD = "gnu++14";
				CLANG_CXX_LIBRARY = "libc++";
				CLANG_ENABLE_MODULES = YES;
				CLANG_ENABLE_OBJC_ARC = YES;
				CLANG_ENABLE_OBJC_WEAK = YES;
				CLANG_WARN_BLOCK_CAPTURE_AUTORELEASING = YES;
				CLANG_WARN_BOOL_CONVERSION = YES;
				CLANG_WARN_COMMA = YES;
				CLANG_WARN_CONSTANT_CONVERSION = YES;
				CLANG_WARN_DEPRECATED_OBJC_IMPLEMENTATIONS = YES;
				CLANG_WARN_DIRECT_OBJC_ISA_USAGE = YES_ERROR;
				CLANG_WARN_DOCUMENTATION_COMMENTS = YES;
				CLANG_WARN_EMPTY_BODY = YES;
				CLANG_WARN_ENUM_CONVERSION = YES;
				CLANG_WARN_INFINITE_RECURSION = YES;
				CLANG_WARN_INT_CONVERSION = YES;
				CLANG_WARN_NON_LITERAL_NULL_CONVERSION = YES;
				CLANG_WARN_OBJC_IMPLICIT_RETAIN_SELF = YES;
				CLANG_WARN_OBJC_LITERAL_CONVERSION = YES;
				CLANG_WARN_OBJC_ROOT_CLASS = YES_ERROR;
				CLANG_WARN_QUOTED_INCLUDE_IN_FRAMEWORK_HEADER = YES;
				CLANG_WARN_RANGE_LOOP_ANALYSIS = YES;
				CLANG_WARN_STRICT_PROTOTYPES = YES;
				CLANG_WARN_SUSPICIOUS_MOVE = YES;
				CLANG_WARN_UNGUARDED_AVAILABILITY = YES_AGGRESSIVE;
				CLANG_WARN_UNREACHABLE_CODE = YES;
				CLANG_WARN__DUPLICATE_METHOD_MATCH = YES;
				COPY_PHASE_STRIP = NO;
				DEBUG_INFORMATION_FORMAT = dwarf;
				ENABLE_STRICT_OBJC_MSGSEND = YES;
				ENABLE_TESTABILITY = YES;
				GCC_C_LANGUAGE_STANDARD = gnu11;
				GCC_DYNAMIC_NO_PIC = NO;
				GCC_NO_COMMON_BLOCKS = YES;
				GCC_OPTIMIZATION_LEVEL = 0;
				GCC_PREPROCESSOR_DEFINITIONS = (
					"DEBUG=1",
					"$(inherited)",
				);
				GCC_WARN_64_TO_32_BIT_CONVERSION = YES;
				GCC_WARN_ABOUT_RETURN_TYPE = YES_ERROR;
				GCC_WARN_UNDECLARED_SELECTOR = YES;
				GCC_WARN_UNINITIALIZED_AUTOS = YES_AGGRESSIVE;
				GCC_WARN_UNUSED_FUNCTION = YES;
				GCC_WARN_UNUSED_VARIABLE = YES;
				IPHONEOS_DEPLOYMENT_TARGET = 14.5;
				MTL_ENABLE_DEBUG_INFO = INCLUDE_SOURCE;
				MTL_FAST_MATH = YES;
				ONLY_ACTIVE_ARCH = YES;
				SDKROOT = iphoneos;
				SWIFT_ACTIVE_COMPILATION_CONDITIONS = DEBUG;
				SWIFT_OPTIMIZATION_LEVEL = "-Onone";
			};
			name = Debug;
		};
		0406975C26CF7C020088CC6B /* Release */ = {
			isa = XCBuildConfiguration;
			buildSettings = {
				ALWAYS_SEARCH_USER_PATHS = NO;
				CLANG_ANALYZER_NONNULL = YES;
				CLANG_ANALYZER_NUMBER_OBJECT_CONVERSION = YES_AGGRESSIVE;
				CLANG_CXX_LANGUAGE_STANDARD = "gnu++14";
				CLANG_CXX_LIBRARY = "libc++";
				CLANG_ENABLE_MODULES = YES;
				CLANG_ENABLE_OBJC_ARC = YES;
				CLANG_ENABLE_OBJC_WEAK = YES;
				CLANG_WARN_BLOCK_CAPTURE_AUTORELEASING = YES;
				CLANG_WARN_BOOL_CONVERSION = YES;
				CLANG_WARN_COMMA = YES;
				CLANG_WARN_CONSTANT_CONVERSION = YES;
				CLANG_WARN_DEPRECATED_OBJC_IMPLEMENTATIONS = YES;
				CLANG_WARN_DIRECT_OBJC_ISA_USAGE = YES_ERROR;
				CLANG_WARN_DOCUMENTATION_COMMENTS = YES;
				CLANG_WARN_EMPTY_BODY = YES;
				CLANG_WARN_ENUM_CONVERSION = YES;
				CLANG_WARN_INFINITE_RECURSION = YES;
				CLANG_WARN_INT_CONVERSION = YES;
				CLANG_WARN_NON_LITERAL_NULL_CONVERSION = YES;
				CLANG_WARN_OBJC_IMPLICIT_RETAIN_SELF = YES;
				CLANG_WARN_OBJC_LITERAL_CONVERSION = YES;
				CLANG_WARN_OBJC_ROOT_CLASS = YES_ERROR;
				CLANG_WARN_QUOTED_INCLUDE_IN_FRAMEWORK_HEADER = YES;
				CLANG_WARN_RANGE_LOOP_ANALYSIS = YES;
				CLANG_WARN_STRICT_PROTOTYPES = YES;
				CLANG_WARN_SUSPICIOUS_MOVE = YES;
				CLANG_WARN_UNGUARDED_AVAILABILITY = YES_AGGRESSIVE;
				CLANG_WARN_UNREACHABLE_CODE = YES;
				CLANG_WARN__DUPLICATE_METHOD_MATCH = YES;
				COPY_PHASE_STRIP = NO;
				DEBUG_INFORMATION_FORMAT = "dwarf-with-dsym";
				ENABLE_NS_ASSERTIONS = NO;
				ENABLE_STRICT_OBJC_MSGSEND = YES;
				GCC_C_LANGUAGE_STANDARD = gnu11;
				GCC_NO_COMMON_BLOCKS = YES;
				GCC_WARN_64_TO_32_BIT_CONVERSION = YES;
				GCC_WARN_ABOUT_RETURN_TYPE = YES_ERROR;
				GCC_WARN_UNDECLARED_SELECTOR = YES;
				GCC_WARN_UNINITIALIZED_AUTOS = YES_AGGRESSIVE;
				GCC_WARN_UNUSED_FUNCTION = YES;
				GCC_WARN_UNUSED_VARIABLE = YES;
				IPHONEOS_DEPLOYMENT_TARGET = 14.5;
				MTL_ENABLE_DEBUG_INFO = NO;
				MTL_FAST_MATH = YES;
				SDKROOT = iphoneos;
				SWIFT_COMPILATION_MODE = wholemodule;
				SWIFT_OPTIMIZATION_LEVEL = "-O";
				VALIDATE_PRODUCT = YES;
			};
			name = Release;
		};
		0406975E26CF7C020088CC6B /* Debug */ = {
			isa = XCBuildConfiguration;
			baseConfigurationReference = D1462E7F69B0E944ABC79925 /* Pods-Connect.debug.xcconfig */;
			buildSettings = {
				ASSETCATALOG_COMPILER_APPICON_NAME = AppIcon;
				ASSETCATALOG_COMPILER_GLOBAL_ACCENT_COLOR_NAME = AccentColor;
				CODE_SIGN_STYLE = Automatic;
				DEVELOPMENT_TEAM = 9443DN5RMM;
				INFOPLIST_FILE = Connect/Info.plist;
				LD_RUNPATH_SEARCH_PATHS = (
					"$(inherited)",
					"@executable_path/Frameworks",
				);
				PRODUCT_BUNDLE_IDENTIFIER = com.mmt.Connect;
				PRODUCT_NAME = "$(TARGET_NAME)";
				SWIFT_VERSION = 5.0;
				TARGETED_DEVICE_FAMILY = "1,2";
			};
			name = Debug;
		};
		0406975F26CF7C020088CC6B /* Release */ = {
			isa = XCBuildConfiguration;
			baseConfigurationReference = 501F4A130855AABD0A8A4F61 /* Pods-Connect.release.xcconfig */;
			buildSettings = {
				ASSETCATALOG_COMPILER_APPICON_NAME = AppIcon;
				ASSETCATALOG_COMPILER_GLOBAL_ACCENT_COLOR_NAME = AccentColor;
				CODE_SIGN_STYLE = Automatic;
				DEVELOPMENT_TEAM = 9443DN5RMM;
				INFOPLIST_FILE = Connect/Info.plist;
				LD_RUNPATH_SEARCH_PATHS = (
					"$(inherited)",
					"@executable_path/Frameworks",
				);
				PRODUCT_BUNDLE_IDENTIFIER = com.mmt.Connect;
				PRODUCT_NAME = "$(TARGET_NAME)";
				SWIFT_VERSION = 5.0;
				TARGETED_DEVICE_FAMILY = "1,2";
			};
			name = Release;
		};
/* End XCBuildConfiguration section */

/* Begin XCConfigurationList section */
		0406974426CF7BFD0088CC6B /* Build configuration list for PBXProject "Connect" */ = {
			isa = XCConfigurationList;
			buildConfigurations = (
				0406975B26CF7C020088CC6B /* Debug */,
				0406975C26CF7C020088CC6B /* Release */,
			);
			defaultConfigurationIsVisible = 0;
			defaultConfigurationName = Release;
		};
		0406975D26CF7C020088CC6B /* Build configuration list for PBXNativeTarget "Connect" */ = {
			isa = XCConfigurationList;
			buildConfigurations = (
				0406975E26CF7C020088CC6B /* Debug */,
				0406975F26CF7C020088CC6B /* Release */,
			);
			defaultConfigurationIsVisible = 0;
			defaultConfigurationName = Release;
		};
/* End XCConfigurationList section */
	};
	rootObject = 0406974126CF7BFD0088CC6B /* Project object */;
}
